# This file is generated by running "yarn install" inside your project.
# Manual changes might be lost - proceed with caution!

__metadata:
  version: 4
  cacheKey: 5

"balanced-match@npm:^1.0.0":
  version: 1.0.0
  resolution: "balanced-match@npm:1.0.0"
  checksum: f515a605fe1b59f476f7477c5e1d53ad55b4f42982fca1d57b6701906f4ad1f1ac90fd6587d92cc1af2edb43eecf979214dd847ee410a6de9db4ebf0dd128d62
  languageName: node
  linkType: hard

"brace-expansion@npm:^1.1.7":
  version: 1.1.11
  resolution: "brace-expansion@npm:1.1.11"
  dependencies:
    balanced-match: ^1.0.0
    concat-map: 0.0.1
  checksum: 4c878e25e4858baf801945dfd63eb68feab2e502cf1122f25f3915c0e3bf397af3a93ff6bef0798db41c0d81ef28c08e55daac38058710f749a3b96eee6b8f40
  languageName: node
  linkType: hard

"concat-map@npm:0.0.1":
  version: 0.0.1
  resolution: "concat-map@npm:0.0.1"
  checksum: 554e28d9ee5aa6e061795473ee092cb3d3a2cbdb76c35416e0bb6e03f136d7d07676da387b2ed0ec4106cedbb6534080d9abc48ecc4a92b76406cf2d0c3c0c4b
  languageName: node
  linkType: hard

"deep-equal@npm:~1.1.1":
  version: 1.1.1
  resolution: "deep-equal@npm:1.1.1"
  dependencies:
    is-arguments: ^1.0.4
    is-date-object: ^1.0.1
    is-regex: ^1.0.4
    object-is: ^1.0.1
    object-keys: ^1.1.1
    regexp.prototype.flags: ^1.2.0
  checksum: cc6a0009ce73a10230758d50795211fb3ceb7eb7f2cf8baed1c4a4cb2a06dc28857ce11e641c95ca9abb5edc1f1e86a4bb6bcffaadf9fe9d310c102d346d043b
  languageName: node
  linkType: hard

"define-properties@npm:^1.1.2, define-properties@npm:^1.1.3":
  version: 1.1.3
  resolution: "define-properties@npm:1.1.3"
  dependencies:
    object-keys: ^1.0.12
  checksum: b69c48c1b1dacb61f0b1cea367707c3bb214e3c47818aff18e6f20a7f88cbfa33d4cbdfd9ff79e56faba95ddca3d78ff10fbf2f02ecfad6f3e13b256e76b1212
  languageName: node
  linkType: hard

"defined@npm:~1.0.0":
  version: 1.0.0
  resolution: "defined@npm:1.0.0"
  checksum: 3f17b8807d66d9eb836eacb943a4df7097201b54e386c44be781e0198890e58b0fb88ced2997de95e9aad3b6ebd8df90547575f6b3fb986bdb8abe3417815bbc
  languageName: node
  linkType: hard

"dotignore@npm:~0.1.2":
  version: 0.1.2
  resolution: "dotignore@npm:0.1.2"
  dependencies:
    minimatch: ^3.0.4
  bin:
    ignored: bin/ignored
  checksum: fe033bb7acd3833cd3b95fc80166026529069e8c726d41dcd45e52ce3a20c5f2575313f543b81f3410ada5250285786468bd03acd2b7550786150e07589325c0
  languageName: node
  linkType: hard

"es-abstract@npm:^1.17.0-next.1, es-abstract@npm:^1.17.5":
  version: 1.17.6
  resolution: "es-abstract@npm:1.17.6"
  dependencies:
    es-to-primitive: ^1.2.1
    function-bind: ^1.1.1
    has: ^1.0.3
    has-symbols: ^1.0.1
    is-callable: ^1.2.0
    is-regex: ^1.1.0
    object-inspect: ^1.7.0
    object-keys: ^1.1.1
    object.assign: ^4.1.0
    string.prototype.trimend: ^1.0.1
    string.prototype.trimstart: ^1.0.1
  checksum: 637ad488bdcbc538dfb35ee30cdbe5e48ecf68c5145a368c8f1be346e83d2555e416709e9382eb9902e542da94763cdd2152d87dbbb01b5b39919c1329bd0bb4
  languageName: node
  linkType: hard

"es-to-primitive@npm:^1.2.1":
  version: 1.2.1
  resolution: "es-to-primitive@npm:1.2.1"
  dependencies:
    is-callable: ^1.1.4
    is-date-object: ^1.0.1
    is-symbol: ^1.0.2
  checksum: d20b7be268b84662469972ec7265a57d4d6a65b9bf2b73f040d75e14f9f6dbe266a1a88579162e11349f9cb70eaa17640efb515c90dab19745a904b680b14be3
  languageName: node
  linkType: hard

"for-each@npm:~0.3.3":
  version: 0.3.3
  resolution: "for-each@npm:0.3.3"
  dependencies:
    is-callable: ^1.1.3
  checksum: 691c38d0e525c3e7e5d00b155bbe0021ee8b6ff22f225b1ec2fcabc8fd969ea24c1d2ca3a57c7ddebda304355127ac23e741f801591d1eb9b49b810da47794dc
  languageName: node
  linkType: hard

"fs.realpath@npm:^1.0.0":
  version: 1.0.0
  resolution: "fs.realpath@npm:1.0.0"
  checksum: 698a91b1695e3926185c9e5b0dd57cf687dceb4eb73799af91e6b2ab741735e2962c366c5af6403ffddae2619914193bd339efa706fdc984d0ffc74b7a3603f4
  languageName: node
  linkType: hard

"function-bind@npm:^1.1.1, function-bind@npm:~1.1.1":
  version: 1.1.1
  resolution: "function-bind@npm:1.1.1"
  checksum: ffad86e7d2010ba179aaa6a3987d2cc0ed48fa92d27f1ed84bfa06d14f77deeed5bfbae7f00bdebc0c54218392cab2b18ecc080e2c72f592431927b87a27d42b
  languageName: node
  linkType: hard

"glob@npm:~7.1.6":
  version: 7.1.6
  resolution: "glob@npm:7.1.6"
  dependencies:
    fs.realpath: ^1.0.0
    inflight: ^1.0.4
    inherits: 2
    minimatch: ^3.0.4
    once: ^1.3.0
    path-is-absolute: ^1.0.0
  checksum: 789977b52432865bd63846da5c75a6efc2c56abdc0cb5ffcdb8e91eeb67a58fa5594c1195d18b2b4aff99675b0739ed6bd61024b26562e0cca18c8f993efdc82
  languageName: node
  linkType: hard

"has-symbols@npm:^1.0.0, has-symbols@npm:^1.0.1":
  version: 1.0.1
  resolution: "has-symbols@npm:1.0.1"
  checksum: 84e2a03ada6f530f0c1ebea64df5932556ac20a4b78998f1f2b5dd0cf736843e8082c488b0ea7f08b9aec72fb6d8b736beed2fd62fac60dcaebfdc0b8d2aa7ac
  languageName: node
  linkType: hard

"has@npm:^1.0.3, has@npm:~1.0.3":
  version: 1.0.3
  resolution: "has@npm:1.0.3"
  dependencies:
    function-bind: ^1.1.1
  checksum: c686e15300d41364486c099a9259d9c418022c294244843dcd712c4c286ff839d4f23a25413baa28c4d2c1e828afc2aaab70f685400b391533980223c71fa1ca
  languageName: node
  linkType: hard

"inflight@npm:^1.0.4":
  version: 1.0.6
  resolution: "inflight@npm:1.0.6"
  dependencies:
    once: ^1.3.0
    wrappy: 1
  checksum: 17c53fc42cbe7f7f471d2bc41b97a0cde4b79a74d5ff59997d3f75210566fa278e17596da526d43de2bd07e222706240ce50e60097e54f2cde2e64cbbb372638
  languageName: node
  linkType: hard

"inherits@npm:2, inherits@npm:~2.0.4":
  version: 2.0.4
  resolution: "inherits@npm:2.0.4"
  checksum: 98426da247ddfc3dcd7d7daedd90c3ca32d5b08deca08949726f12d49232aef94772a07b36cf4ff833e105ae2ef931777f6de4a6dd8245a216b9299ad4a50bea
  languageName: node
  linkType: hard

"is-arguments@npm:^1.0.4":
  version: 1.0.4
  resolution: "is-arguments@npm:1.0.4"
  checksum: a04bc21254cfbb77c934ec51165ef7629c12cabd2a92c2c4333280b5117f138fcec6369dd2ab7d8fe24e3af7dbc2a4ce389c53ed0b55b0f8818788c3c09f4ad2
  languageName: node
  linkType: hard

"is-callable@npm:^1.1.3, is-callable@npm:^1.1.4, is-callable@npm:^1.2.0":
  version: 1.2.0
  resolution: "is-callable@npm:1.2.0"
  checksum: 8a5e68b7c3a95159c98595789015da72e71432e638c4bc0aad4722ea6a1ffeca178838cfb6012f5b9cc1a8c61b737704bd658d8f588959a46a899961667e99f5
  languageName: node
  linkType: hard

"is-date-object@npm:^1.0.1":
  version: 1.0.2
  resolution: "is-date-object@npm:1.0.2"
  checksum: 0e322699464a99da638c8a583b74dfb791732b6bc9c102bc0b7ac6303d83c86b9935f19b8d2ed4de52092241190c8826b099cb31972dea49a99b755293c0b1cf
  languageName: node
  linkType: hard

"is-regex@npm:^1.0.4, is-regex@npm:~1.0.5":
  version: 1.0.5
  resolution: "is-regex@npm:1.0.5"
  dependencies:
    has: ^1.0.3
  checksum: 2f3b1fdb16044c6d1cc8d3a617cf1ff8637fe6958991e2805ba8eb01bdc76be6032ccd7fde12e81c39c5e70b0d556cdc7ba2a3a92f096d4e788f764bded2eca0
  languageName: node
  linkType: hard

"is-regex@npm:^1.1.0":
  version: 1.1.1
  resolution: "is-regex@npm:1.1.1"
  dependencies:
    has-symbols: ^1.0.1
  checksum: 0c5b9d335c125cc59a83b9446b172d419303034f3cb570e95bfb7b45fc1dfb8bedd7ecf5e8139a99b8fed66894ee516fd7ce376feb109504f64c53092c7f07ee
  languageName: node
  linkType: hard

"is-symbol@npm:^1.0.2":
  version: 1.0.3
  resolution: "is-symbol@npm:1.0.3"
  dependencies:
    has-symbols: ^1.0.1
  checksum: 753aa0cf95069387521b110c6646df4e0b5cce76cf604521c26b4f5d30a997a95036ed5930c0cca9e850ac6fccb04de551cc95aab71df471ee88e04ed1a96f21
  languageName: node
  linkType: hard

"minimatch@npm:^3.0.4":
  version: 3.0.4
  resolution: "minimatch@npm:3.0.4"
  dependencies:
    brace-expansion: ^1.1.7
  checksum: 47eab9263962cacd5733e274ecad2d8e54b0f8e124ba35ae69189e296058f634a4967b87a98954f86fa5c830ff177caf827ce0136d28717ed3232951fb4fae62
  languageName: node
  linkType: hard

"minimist@npm:~1.2.5":
  version: 1.2.5
  resolution: "minimist@npm:1.2.5"
  checksum: b77b8590147a4e217ff34266236bc39de23b52e6e33054076991ff674c7397a1380a7bde11111916f16f003a94aaa7e4f3d92595a32189644ff607fabc65a5b6
  languageName: node
  linkType: hard

"object-inspect@npm:^1.7.0, object-inspect@npm:~1.7.0":
  version: 1.7.0
  resolution: "object-inspect@npm:1.7.0"
  checksum: 9f479ca1002fedbf4e1c5dec908477d1a7a2dd4466af0b4cf5886d269db54d8310544dfb7670a17a4c5d6a7a3dd3c346be38ea6b3541330551900a3134dec662
  languageName: node
  linkType: hard

"object-is@npm:^1.0.1":
  version: 1.1.2
  resolution: "object-is@npm:1.1.2"
  dependencies:
    define-properties: ^1.1.3
    es-abstract: ^1.17.5
  checksum: 9ea7df4475f250c968171fa142b6584bad4c65859af8cb50e06fa8168089ae47afb460776ab60fe5f3aea8ea3c97b30dd0b37d41e23106f2abcc7d6f982bec04
  languageName: node
  linkType: hard

"object-keys@npm:^1.0.11, object-keys@npm:^1.0.12, object-keys@npm:^1.1.1":
  version: 1.1.1
  resolution: "object-keys@npm:1.1.1"
  checksum: 30d72d768b7f3f42144cee517b80e70c40cf39bb76f100557ffac42779613c591780135c54d8133894a78d2c0ae817e24a5891484722c6019a5cd5b58c745c66
  languageName: node
  linkType: hard

"object.assign@npm:^4.1.0":
  version: 4.1.0
  resolution: "object.assign@npm:4.1.0"
  dependencies:
    define-properties: ^1.1.2
    function-bind: ^1.1.1
    has-symbols: ^1.0.0
    object-keys: ^1.0.11
  checksum: 92e20891ddf04d9974f7b178ae70d198727dcd638c8a5a422f07f730f40140c4fe02451cdc9c37e9f22392e5487b9162975003a9f20b16a87b9d13fe150cf62d
  languageName: node
  linkType: hard

"once@npm:^1.3.0":
  version: 1.4.0
  resolution: "once@npm:1.4.0"
  dependencies:
    wrappy: 1
  checksum: 57afc246536cf6494437f982b26475f22bee860f8b77ce8eb1543f42a8bffe04b2c66ddfea9a16cb25ccb80943f8ee4fc639367ef97b7a6a4f2672eb573963f5
  languageName: node
  linkType: hard

"path-is-absolute@npm:^1.0.0":
  version: 1.0.1
  resolution: "path-is-absolute@npm:1.0.1"
  checksum: 907e1e3e6ac0aef6e65adffd75b3892191d76a5b94c5cf26b43667c4240531d11872ca6979c209b2e5e1609f7f579d02f64ba9936b48bb59d36cc529f0d965ed
  languageName: node
  linkType: hard

"path-parse@npm:^1.0.6":
  version: 1.0.6
  resolution: "path-parse@npm:1.0.6"
  checksum: 2eee4b93fb3ae13600e3fca18390d9933bbbcf725a624f6b8df020d87515a74872ff6c58072190d6dc75a5584a683dc6ae5c385ad4e4f4efb6e66af040d56c67
  languageName: node
  linkType: hard

"regexp.prototype.flags@npm:^1.2.0":
  version: 1.3.0
  resolution: "regexp.prototype.flags@npm:1.3.0"
  dependencies:
    define-properties: ^1.1.3
    es-abstract: ^1.17.0-next.1
  checksum: 468e19b3aed632653333741346cab170787b9bc79eecdfdd3d7ba5be26574c135edc2ce286d9d4154b635158c3c44f9614fca51cbf6d4d3f529ef89cf7e03908
  languageName: node
  linkType: hard

"resolve@patch:resolve@~1.17.0#builtin<compat/resolve>":
  version: 1.17.0
  resolution: "resolve@patch:resolve@npm%3A1.17.0#builtin<compat/resolve>::version=1.17.0&hash=3388aa"
  dependencies:
    path-parse: ^1.0.6
  checksum: 4bcfb568860d0c361fd16c26b6fce429711138ff0de7dd353bdd73fcb5c7eede2f4602d40ccfa08ff45ec7ef9830845eab2021a46036af0a6e5b58bab1ff6399
  languageName: node
  linkType: hard

resolve@~1.17.0:
  version: 1.17.0
  resolution: "resolve@npm:1.17.0"
  dependencies:
    path-parse: ^1.0.6
  checksum: 5e3cdb8cf68c20b0c5edeb6505e7fab20c6776af0cae4b978836e557420aef7bb50acd25339bbb143b7f80533aa1988c7e827a0061aee9c237926a7d2c41f8d0
  languageName: node
  linkType: hard

"resumer@npm:~0.0.0":
  version: 0.0.0
  resolution: "resumer@npm:0.0.0"
  dependencies:
    through: ~2.3.4
  checksum: e80d35f2d49b22e8b356e2b65849347f41bb613be75b74bc018842f150fbb8f86fbef694678eccebca11596503b7faa4a366d890785f4799ed584dcdea9c700c
  languageName: node
  linkType: hard

"string.prototype.trim@npm:~1.2.1":
  version: 1.2.1
  resolution: "string.prototype.trim@npm:1.2.1"
  dependencies:
    define-properties: ^1.1.3
    es-abstract: ^1.17.0-next.1
    function-bind: ^1.1.1
  checksum: cf01e60e1db5d2f666750a3e86c1a6b3a21d26fc46af1f99d81db6a4e726bace300e573ae7fc7e5715ac14d07f4a0d64b97500f73d03a905fdd19a2e79ae699b
  languageName: node
  linkType: hard

"string.prototype.trimend@npm:^1.0.1":
  version: 1.0.1
  resolution: "string.prototype.trimend@npm:1.0.1"
  dependencies:
    define-properties: ^1.1.3
    es-abstract: ^1.17.5
  checksum: 93046463de6a3b4ae27d0622ae8795239c8d372b1be1a60122fce591bf7578b719becf00bf04326642a868bc6185f35901119b61a246509dd0dc0666b2a803ed
  languageName: node
  linkType: hard

"string.prototype.trimstart@npm:^1.0.1":
  version: 1.0.1
  resolution: "string.prototype.trimstart@npm:1.0.1"
  dependencies:
    define-properties: ^1.1.3
    es-abstract: ^1.17.5
  checksum: 20c4a940f1ba65b0aa5abf0c319dceba4fbf04d24553583b0b82eba2711815d1e40663ce36175ed06475701dbe797cac81be1ec1dc4bb4416b2077e8b0409036
  languageName: node
  linkType: hard

"tape@npm:^4.6.3":
  version: 4.13.3
  resolution: "tape@npm:4.13.3"
  dependencies:
    deep-equal: ~1.1.1
    defined: ~1.0.0
    dotignore: ~0.1.2
    for-each: ~0.3.3
    function-bind: ~1.1.1
    glob: ~7.1.6
    has: ~1.0.3
    inherits: ~2.0.4
    is-regex: ~1.0.5
    minimist: ~1.2.5
    object-inspect: ~1.7.0
    resolve: ~1.17.0
    resumer: ~0.0.0
    string.prototype.trim: ~1.2.1
    through: ~2.3.8
  bin:
    tape: bin/tape
  checksum: cb878ac88cbb4bd45b71a63adacd383815c3ac0151286841cb4fed8dc414808f67ce85ed1fd51056a74c24d58c6a072d233e9252c1bb8f1b655af4b6fde1cb07
  languageName: node
  linkType: hard

"through@npm:~2.3.4, through@npm:~2.3.8":
  version: 2.3.8
  resolution: "through@npm:2.3.8"
  checksum: 918d9151680b5355990011eb8c4b02e8cb8cf6e9fb6ea3d3e5a1faa688343789e261634ae35de4ea9167ab029d1e7bac6af2fe61b843931768d405fdc3e8897c
  languageName: node
  linkType: hard

"wrappy@npm:1":
  version: 1.0.2
  resolution: "wrappy@npm:1.0.2"
  checksum: 519fcda0fcdf0c16327be2de9d98646742307bc830277e8868529fcf7566f2b330a6453c233e0cdcb767d5838dd61a90984a02ecc983bcddebea5ad0833bbf98
  languageName: node
  linkType: hard

"xsalsa20@workspace:.":
  version: 0.0.0-use.local
  resolution: "xsalsa20@workspace:."
  dependencies:
    tape: ^4.6.3
  languageName: unknown
  linkType: soft
